// !$*UTF8*$!
{
	archiveVersion = 1;
	classes = {
	};
	objectVersion = 46;
	objects = {

/* Begin PBXBuildFile section */
		C61CEC6F1A6A326500DA6315 /* AppDelegate.swift in Sources */ = {isa = PBXBuildFile; fileRef = C61CEC6E1A6A326500DA6315 /* AppDelegate.swift */; };
		C61CEC711A6A326500DA6315 /* ViewController.swift in Sources */ = {isa = PBXBuildFile; fileRef = C61CEC701A6A326500DA6315 /* ViewController.swift */; };
		C61CEC731A6A326500DA6315 /* Images.xcassets in Resources */ = {isa = PBXBuildFile; fileRef = C61CEC721A6A326500DA6315 /* Images.xcassets */; };
		C61CEC761A6A326500DA6315 /* Main.storyboard in Resources */ = {isa = PBXBuildFile; fileRef = C61CEC741A6A326500DA6315 /* Main.storyboard */; };
		C61CEC821A6A326500DA6315 /* UnixTime_MacTests.swift in Sources */ = {isa = PBXBuildFile; fileRef = C61CEC811A6A326500DA6315 /* UnixTime_MacTests.swift */; };
		C61CEC8C1A6A359A00DA6315 /* Extension.swift in Sources */ = {isa = PBXBuildFile; fileRef = C61CEC8B1A6A359A00DA6315 /* Extension.swift */; };
		C6D3345C1A6A96AB004978A8 /* History.swift in Sources */ = {isa = PBXBuildFile; fileRef = C6D3345B1A6A96AB004978A8 /* History.swift */; };
		C6F661AC1B1962AE007DD659 /* screenshot-1.png in Resources */ = {isa = PBXBuildFile; fileRef = C6F661AB1B1962AE007DD659 /* screenshot-1.png */; };
/* End PBXBuildFile section */

/* Begin PBXContainerItemProxy section */
		C61CEC7C1A6A326500DA6315 /* PBXContainerItemProxy */ = {
			isa = PBXContainerItemProxy;
			containerPortal = C61CEC611A6A326500DA6315 /* Project object */;
			proxyType = 1;
			remoteGlobalIDString = C61CEC681A6A326500DA6315;
			remoteInfo = UnixTime_Mac;
		};
/* End PBXContainerItemProxy section */

/* Begin PBXFileReference section */
		C61CEC691A6A326500DA6315 /* UnixTime_Mac.app */ = {isa = PBXFileReference; explicitFileType = wrapper.application; includeInIndex = 0; path = UnixTime_Mac.app; sourceTree = BUILT_PRODUCTS_DIR; };
		C61CEC6D1A6A326500DA6315 /* Info.plist */ = {isa = PBXFileReference; lastKnownFileType = text.plist.xml; path = Info.plist; sourceTree = "<group>"; };
		C61CEC6E1A6A326500DA6315 /* AppDelegate.swift */ = {isa = PBXFileReference; lastKnownFileType = sourcecode.swift; path = AppDelegate.swift; sourceTree = "<group>"; };
		C61CEC701A6A326500DA6315 /* ViewController.swift */ = {isa = PBXFileReference; lastKnownFileType = sourcecode.swift; path = ViewController.swift; sourceTree = "<group>"; };
		C61CEC721A6A326500DA6315 /* Images.xcassets */ = {isa = PBXFileReference; lastKnownFileType = folder.assetcatalog; path = Images.xcassets; sourceTree = "<group>"; };
		C61CEC751A6A326500DA6315 /* Base */ = {isa = PBXFileReference; lastKnownFileType = file.storyboard; name = Base; path = Base.lproj/Main.storyboard; sourceTree = "<group>"; };
		C61CEC7B1A6A326500DA6315 /* UnixTime_MacTests.xctest */ = {isa = PBXFileReference; explicitFileType = wrapper.cfbundle; includeInIndex = 0; path = UnixTime_MacTests.xctest; sourceTree = BUILT_PRODUCTS_DIR; };
		C61CEC801A6A326500DA6315 /* Info.plist */ = {isa = PBXFileReference; lastKnownFileType = text.plist.xml; path = Info.plist; sourceTree = "<group>"; };
		C61CEC811A6A326500DA6315 /* UnixTime_MacTests.swift */ = {isa = PBXFileReference; lastKnownFileType = sourcecode.swift; path = UnixTime_MacTests.swift; sourceTree = "<group>"; };
		C61CEC8B1A6A359A00DA6315 /* Extension.swift */ = {isa = PBXFileReference; fileEncoding = 4; lastKnownFileType = sourcecode.swift; path = Extension.swift; sourceTree = "<group>"; };
		C6D3345B1A6A96AB004978A8 /* History.swift */ = {isa = PBXFileReference; fileEncoding = 4; lastKnownFileType = sourcecode.swift; path = History.swift; sourceTree = "<group>"; };
		C6F661AB1B1962AE007DD659 /* screenshot-1.png */ = {isa = PBXFileReference; lastKnownFileType = image.png; path = "screenshot-1.png"; sourceTree = "<group>"; };
/* End PBXFileReference section */

/* Begin PBXFrameworksBuildPhase section */
		C61CEC661A6A326500DA6315 /* Frameworks */ = {
			isa = PBXFrameworksBuildPhase;
			buildActionMask = 2147483647;
			files = (
			);
			runOnlyForDeploymentPostprocessing = 0;
		};
		C61CEC781A6A326500DA6315 /* Frameworks */ = {
			isa = PBXFrameworksBuildPhase;
			buildActionMask = 2147483647;
			files = (
			);
			runOnlyForDeploymentPostprocessing = 0;
		};
/* End PBXFrameworksBuildPhase section */

/* Begin PBXGroup section */
		C61CEC601A6A326500DA6315 = {
			isa = PBXGroup;
			children = (
				C61CEC6B1A6A326500DA6315 /* UnixTime_Mac */,
				C61CEC7E1A6A326500DA6315 /* UnixTime_MacTests */,
				C61CEC6A1A6A326500DA6315 /* Products */,
			);
			sourceTree = "<group>";
		};
		C61CEC6A1A6A326500DA6315 /* Products */ = {
			isa = PBXGroup;
			children = (
				C61CEC691A6A326500DA6315 /* UnixTime_Mac.app */,
				C61CEC7B1A6A326500DA6315 /* UnixTime_MacTests.xctest */,
			);
			name = Products;
			sourceTree = "<group>";
		};
		C61CEC6B1A6A326500DA6315 /* UnixTime_Mac */ = {
			isa = PBXGroup;
			children = (
				C61CEC6E1A6A326500DA6315 /* AppDelegate.swift */,
				C61CEC701A6A326500DA6315 /* ViewController.swift */,
				C61D1CA11A6B7E960032DBDD /* Model */,
				C61D1CA01A6B7E880032DBDD /* Extension */,
				C61CEC721A6A326500DA6315 /* Images.xcassets */,
				C6F661AA1B196286007DD659 /* ScreenShot */,
				C61CEC741A6A326500DA6315 /* Main.storyboard */,
				C61CEC6C1A6A326500DA6315 /* Supporting Files */,
			);
			path = UnixTime_Mac;
			sourceTree = "<group>";
		};
		C61CEC6C1A6A326500DA6315 /* Supporting Files */ = {
			isa = PBXGroup;
			children = (
				C61CEC6D1A6A326500DA6315 /* Info.plist */,
			);
			name = "Supporting Files";
			sourceTree = "<group>";
		};
		C61CEC7E1A6A326500DA6315 /* UnixTime_MacTests */ = {
			isa = PBXGroup;
			children = (
				C61CEC811A6A326500DA6315 /* UnixTime_MacTests.swift */,
				C61CEC7F1A6A326500DA6315 /* Supporting Files */,
			);
			path = UnixTime_MacTests;
			sourceTree = "<group>";
		};
		C61CEC7F1A6A326500DA6315 /* Supporting Files */ = {
			isa = PBXGroup;
			children = (
				C61CEC801A6A326500DA6315 /* Info.plist */,
			);
			name = "Supporting Files";
			sourceTree = "<group>";
		};
		C61D1CA01A6B7E880032DBDD /* Extension */ = {
			isa = PBXGroup;
			children = (
				C61CEC8B1A6A359A00DA6315 /* Extension.swift */,
			);
			name = Extension;
			sourceTree = "<group>";
		};
		C61D1CA11A6B7E960032DBDD /* Model */ = {
			isa = PBXGroup;
			children = (
				C6D3345B1A6A96AB004978A8 /* History.swift */,
			);
			name = Model;
			sourceTree = "<group>";
		};
		C6F661AA1B196286007DD659 /* ScreenShot */ = {
			isa = PBXGroup;
			children = (
				C6F661AB1B1962AE007DD659 /* screenshot-1.png */,
			);
			name = ScreenShot;
			sourceTree = "<group>";
		};
/* End PBXGroup section */

/* Begin PBXNativeTarget section */
		C61CEC681A6A326500DA6315 /* UnixTime_Mac */ = {
			isa = PBXNativeTarget;
			buildConfigurationList = C61CEC851A6A326500DA6315 /* Build configuration list for PBXNativeTarget "UnixTime_Mac" */;
			buildPhases = (
				C61CEC651A6A326500DA6315 /* Sources */,
				C61CEC661A6A326500DA6315 /* Frameworks */,
				C61CEC671A6A326500DA6315 /* Resources */,
			);
			buildRules = (
			);
			dependencies = (
			);
			name = UnixTime_Mac;
			productName = UnixTime_Mac;
			productReference = C61CEC691A6A326500DA6315 /* UnixTime_Mac.app */;
			productType = "com.apple.product-type.application";
		};
		C61CEC7A1A6A326500DA6315 /* UnixTime_MacTests */ = {
			isa = PBXNativeTarget;
			buildConfigurationList = C61CEC881A6A326500DA6315 /* Build configuration list for PBXNativeTarget "UnixTime_MacTests" */;
			buildPhases = (
				C61CEC771A6A326500DA6315 /* Sources */,
				C61CEC781A6A326500DA6315 /* Frameworks */,
				C61CEC791A6A326500DA6315 /* Resources */,
			);
			buildRules = (
			);
			dependencies = (
				C61CEC7D1A6A326500DA6315 /* PBXTargetDependency */,
			);
			name = UnixTime_MacTests;
			productName = UnixTime_MacTests;
			productReference = C61CEC7B1A6A326500DA6315 /* UnixTime_MacTests.xctest */;
			productType = "com.apple.product-type.bundle.unit-test";
		};
/* End PBXNativeTarget section */

/* Begin PBXProject section */
		C61CEC611A6A326500DA6315 /* Project object */ = {
			isa = PBXProject;
			attributes = {
				LastUpgradeCheck = 0610;
				ORGANIZATIONNAME = "Kato Masaya";
				TargetAttributes = {
					C61CEC681A6A326500DA6315 = {
						CreatedOnToolsVersion = 6.1.1;
					};
					C61CEC7A1A6A326500DA6315 = {
						CreatedOnToolsVersion = 6.1.1;
						TestTargetID = C61CEC681A6A326500DA6315;
					};
				};
			};
			buildConfigurationList = C61CEC641A6A326500DA6315 /* Build configuration list for PBXProject "UnixTime_Mac" */;
			compatibilityVersion = "Xcode 3.2";
			developmentRegion = English;
			hasScannedForEncodings = 0;
			knownRegions = (
				en,
				Base,
			);
			mainGroup = C61CEC601A6A326500DA6315;
			productRefGroup = C61CEC6A1A6A326500DA6315 /* Products */;
			projectDirPath = "";
			projectRoot = "";
			targets = (
				C61CEC681A6A326500DA6315 /* UnixTime_Mac */,
				C61CEC7A1A6A326500DA6315 /* UnixTime_MacTests */,
			);
		};
/* End PBXProject section */

/* Begin PBXResourcesBuildPhase section */
		C61CEC671A6A326500DA6315 /* Resources */ = {
			isa = PBXResourcesBuildPhase;
			buildActionMask = 2147483647;
			files = (
				C61CEC731A6A326500DA6315 /* Images.xcassets in Resources */,
				C61CEC761A6A326500DA6315 /* Main.storyboard in Resources */,
				C6F661AC1B1962AE007DD659 /* screenshot-1.png in Resources */,
			);
			runOnlyForDeploymentPostprocessing = 0;
		};
		C61CEC791A6A326500DA6315 /* Resources */ = {
			isa = PBXResourcesBuildPhase;
			buildActionMask = 2147483647;
			files = (
			);
			runOnlyForDeploymentPostprocessing = 0;
		};
/* End PBXResourcesBuildPhase section */

/* Begin PBXSourcesBuildPhase section */
		C61CEC651A6A326500DA6315 /* Sources */ = {
			isa = PBXSourcesBuildPhase;
			buildActionMask = 2147483647;
			files = (
				C61CEC8C1A6A359A00DA6315 /* Extension.swift in Sources */,
				C61CEC711A6A326500DA6315 /* ViewController.swift in Sources */,
				C6D3345C1A6A96AB004978A8 /* History.swift in Sources */,
				C61CEC6F1A6A326500DA6315 /* AppDelegate.swift in Sources */,
			);
			runOnlyForDeploymentPostprocessing = 0;
		};
		C61CEC771A6A326500DA6315 /* Sources */ = {
			isa = PBXSourcesBuildPhase;
			buildActionMask = 2147483647;
			files = (
				C61CEC821A6A326500DA6315 /* UnixTime_MacTests.swift in Sources */,
			);
			runOnlyForDeploymentPostprocessing = 0;
		};
/* End PBXSourcesBuildPhase section */

/* Begin PBXTargetDependency section */
		C61CEC7D1A6A326500DA6315 /* PBXTargetDependency */ = {
			isa = PBXTargetDependency;
			target = C61CEC681A6A326500DA6315 /* UnixTime_Mac */;
			targetProxy = C61CEC7C1A6A326500DA6315 /* PBXContainerItemProxy */;
		};
/* End PBXTargetDependency section */

/* Begin PBXVariantGroup section */
		C61CEC741A6A326500DA6315 /* Main.storyboard */ = {
			isa = PBXVariantGroup;
			children = (
				C61CEC751A6A326500DA6315 /* Base */,
			);
			name = Main.storyboard;
			sourceTree = "<group>";
		};
/* End PBXVariantGroup section */

/* Begin XCBuildConfiguration section */
		C61CEC831A6A326500DA6315 /* Debug */ = {
			isa = XCBuildConfiguration;
			buildSettings = {
				ALWAYS_SEARCH_USER_PATHS = NO;
				CLANG_CXX_LANGUAGE_STANDARD = "gnu++0x";
				CLANG_CXX_LIBRARY = "libc++";
				CLANG_ENABLE_MODULES = YES;
				CLANG_ENABLE_OBJC_ARC = YES;
				CLANG_WARN_BOOL_CONVERSION = YES;
				CLANG_WARN_CONSTANT_CONVERSION = YES;
				CLANG_WARN_DIRECT_OBJC_ISA_USAGE = YES_ERROR;
				CLANG_WARN_EMPTY_BODY = YES;
				CLANG_WARN_ENUM_CONVERSION = YES;
				CLANG_WARN_INT_CONVERSION = YES;
				CLANG_WARN_OBJC_ROOT_CLASS = YES_ERROR;
				CLANG_WARN_UNREACHABLE_CODE = YES;
				CLANG_WARN__DUPLICATE_METHOD_MATCH = YES;
				CODE_SIGN_IDENTITY = "-";
				COPY_PHASE_STRIP = NO;
				ENABLE_STRICT_OBJC_MSGSEND = YES;
				GCC_C_LANGUAGE_STANDARD = gnu99;
				GCC_DYNAMIC_NO_PIC = NO;
				GCC_OPTIMIZATION_LEVEL = 0;
				GCC_PREPROCESSOR_DEFINITIONS = (
					"DEBUG=1",
					"$(inherited)",
				);
				GCC_SYMBOLS_PRIVATE_EXTERN = NO;
				GCC_WARN_64_TO_32_BIT_CONVERSION = YES;
				GCC_WARN_ABOUT_RETURN_TYPE = YES_ERROR;
				GCC_WARN_UNDECLARED_SELECTOR = YES;
				GCC_WARN_UNINITIALIZED_AUTOS = YES_AGGRESSIVE;
				GCC_WARN_UNUSED_FUNCTION = YES;
				GCC_WARN_UNUSED_VARIABLE = YES;
				MACOSX_DEPLOYMENT_TARGET = 10.10;
				MTL_ENABLE_DEBUG_INFO = YES;
				ONLY_ACTIVE_ARCH = YES;
				SDKROOT = macosx;
				SWIFT_OPTIMIZATION_LEVEL = "-Onone";
			};
			name = Debug;
		};
		C61CEC841A6A326500DA6315 /* Release */ = {
			isa = XCBuildConfiguration;
			buildSettings = {
				ALWAYS_SEARCH_USER_PATHS = NO;
				CLANG_CXX_LANGUAGE_STANDARD = "gnu++0x";
				CLANG_CXX_LIBRARY = "libc++";
				CLANG_ENABLE_MODULES = YES;
				CLANG_ENABLE_OBJC_ARC = YES;
				CLANG_WARN_BOOL_CONVERSION = YES;
				CLANG_WARN_CONSTANT_CONVERSION = YES;
				CLANG_WARN_DIRECT_OBJC_ISA_USAGE = YES_ERROR;
				CLANG_WARN_EMPTY_BODY = YES;
				CLANG_WARN_ENUM_CONVERSION = YES;
				CLANG_WARN_INT_CONVERSION = YES;
				CLANG_WARN_OBJC_ROOT_CLASS = YES_ERROR;
				CLANG_WARN_UNREACHABLE_CODE = YES;
				CLANG_WARN__DUPLICATE_METHOD_MATCH = YES;
				CODE_SIGN_IDENTITY = "-";
				COPY_PHASE_STRIP = YES;
				DEBUG_INFORMATION_FORMAT = "dwarf-with-dsym";
				ENABLE_NS_ASSERTIONS = NO;
				ENABLE_STRICT_OBJC_MSGSEND = YES;
				GCC_C_LANGUAGE_STANDARD = gnu99;
				GCC_WARN_64_TO_32_BIT_CONVERSION = YES;
				GCC_WARN_ABOUT_RETURN_TYPE = YES_ERROR;
				GCC_WARN_UNDECLARED_SELECTOR = YES;
				GCC_WARN_UNINITIALIZED_AUTOS = YES_AGGRESSIVE;
				GCC_WARN_UNUSED_FUNCTION = YES;
				GCC_WARN_UNUSED_VARIABLE = YES;
				MACOSX_DEPLOYMENT_TARGET = 10.10;
				MTL_ENABLE_DEBUG_INFO = NO;
				SDKROOT = macosx;
			};
			name = Release;
		};
		C61CEC861A6A326500DA6315 /* Debug */ = {
			isa = XCBuildConfiguration;
			buildSettings = {
				ASSETCATALOG_COMPILER_APPICON_NAME = AppIcon;
				COMBINE_HIDPI_IMAGES = YES;
				INFOPLIST_FILE = UnixTime_Mac/Info.plist;
				LD_RUNPATH_SEARCH_PATHS = "$(inherited) @executable_path/../Frameworks";
				PRODUCT_NAME = "$(TARGET_NAME)";
			};
			name = Debug;
		};
		C61CEC871A6A326500DA6315 /* Release */ = {
			isa = XCBuildConfiguration;
			buildSettings = {
				ASSETCATALOG_COMPILER_APPICON_NAME = AppIcon;
				COMBINE_HIDPI_IMAGES = YES;
				INFOPLIST_FILE = UnixTime_Mac/Info.plist;
				LD_RUNPATH_SEARCH_PATHS = "$(inherited) @executable_path/../Frameworks";
				PRODUCT_NAME = "$(TARGET_NAME)";
			};
			name = Release;
		};
		C61CEC891A6A326500DA6315 /* Debug */ = {
			isa = XCBuildConfiguration;
			buildSettings = {
				BUNDLE_LOADER = "$(TEST_HOST)";
				COMBINE_HIDPI_IMAGES = YES;
				FRAMEWORK_SEARCH_PATHS = (
					"$(DEVELOPER_FRAMEWORKS_DIR)",
					"$(inherited)",
				);
				GCC_PREPROCESSOR_DEFINITIONS = (
					"DEBUG=1",
					"$(inherited)",
				);
				INFOPLIST_FILE = UnixTime_MacTests/Info.plist;
				LD_RUNPATH_SEARCH_PATHS = "$(inherited) @executable_path/../Frameworks @loader_path/../Frameworks";
				PRODUCT_NAME = "$(TARGET_NAME)";
				TEST_HOST = "$(BUILT_PRODUCTS_DIR)/UnixTime_Mac.app/Contents/MacOS/UnixTime_Mac";
			};
			name = Debug;
		};
		C61CEC8A1A6A326500DA6315 /* Release */ = {
			isa = XCBuildConfiguration;
			buildSettings = {
				BUNDLE_LOADER = "$(TEST_HOST)";
				COMBINE_HIDPI_IMAGES = YES;
				FRAMEWORK_SEARCH_PATHS = (
					"$(DEVELOPER_FRAMEWORKS_DIR)",
					"$(inherited)",
				);
				INFOPLIST_FILE = UnixTime_MacTests/Info.plist;
				LD_RUNPATH_SEARCH_PATHS = "$(inherited) @executable_path/../Frameworks @loader_path/../Frameworks";
				PRODUCT_NAME = "$(TARGET_NAME)";
				TEST_HOST = "$(BUILT_PRODUCTS_DIR)/UnixTime_Mac.app/Contents/MacOS/UnixTime_Mac";
			};
			name = Release;
		};
/* End XCBuildConfiguration section */

/* Begin XCConfigurationList section */
		C61CEC641A6A326500DA6315 /* Build configuration list for PBXProject "UnixTime_Mac" */ = {
			isa = XCConfigurationList;
			buildConfigurations = (
				C61CEC831A6A326500DA6315 /* Debug */,
				C61CEC841A6A326500DA6315 /* Release */,
			);
			defaultConfigurationIsVisible = 0;
			defaultConfigurationName = Release;
		};
		C61CEC851A6A326500DA6315 /* Build configuration list for PBXNativeTarget "UnixTime_Mac" */ = {
			isa = XCConfigurationList;
			buildConfigurations = (
				C61CEC861A6A326500DA6315 /* Debug */,
				C61CEC871A6A326500DA6315 /* Release */,
			);
			defaultConfigurationIsVisible = 0;
			defaultConfigurationName = Release;
		};
		C61CEC881A6A326500DA6315 /* Build configuration list for PBXNativeTarget "UnixTime_MacTests" */ = {
			isa = XCConfigurationList;
			buildConfigurations = (
				C61CEC891A6A326500DA6315 /* Debug */,
				C61CEC8A1A6A326500DA6315 /* Release */,
			);
			defaultConfigurationIsVisible = 0;
			defaultConfigurationName = Release;
		};
/* End XCConfigurationList section */
	};
	rootObject = C61CEC611A6A326500DA6315 /* Project object */;
}
